// !$*UTF8*$!
{
	archiveVersion = 1;
	classes = {
	};
	objectVersion = 46;
	objects = {

/* Begin PBXBuildFile section */
		5D55D5DF19FA96B300E9EB4E /* main.m in Sources */ = {isa = PBXBuildFile; fileRef = 5D55D5DE19FA96B300E9EB4E /* main.m */; };
		5D55D5E219FA96B300E9EB4E /* AppDelegate.m in Sources */ = {isa = PBXBuildFile; fileRef = 5D55D5E119FA96B300E9EB4E /* AppDelegate.m */; };
		5D55D5E919FA96B300E9EB4E /* OpenGLViewController.m in Sources */ = {isa = PBXBuildFile; fileRef = 5D55D5E819FA96B300E9EB4E /* OpenGLViewController.m */; };
		5D55D5EC19FA96B300E9EB4E /* Main.storyboard in Resources */ = {isa = PBXBuildFile; fileRef = 5D55D5EA19FA96B300E9EB4E /* Main.storyboard */; };
		5D55D5EE19FA96B300E9EB4E /* Images.xcassets in Resources */ = {isa = PBXBuildFile; fileRef = 5D55D5ED19FA96B300E9EB4E /* Images.xcassets */; };
		5D55D5F119FA96B300E9EB4E /* LaunchScreen.xib in Resources */ = {isa = PBXBuildFile; fileRef = 5D55D5EF19FA96B300E9EB4E /* LaunchScreen.xib */; };
		5D55D6081A02DBBB00E9EB4E /* RootViewController.m in Sources */ = {isa = PBXBuildFile; fileRef = 5D55D6071A02DBBB00E9EB4E /* RootViewController.m */; };
/* End PBXBuildFile section */

/* Begin PBXFileReference section */
		5D55D5D919FA96B300E9EB4E /* PixelGridGL.app */ = {isa = PBXFileReference; explicitFileType = wrapper.application; includeInIndex = 0; path = PixelGridGL.app; sourceTree = BUILT_PRODUCTS_DIR; };
		5D55D5DD19FA96B300E9EB4E /* Info.plist */ = {isa = PBXFileReference; lastKnownFileType = text.plist.xml; path = Info.plist; sourceTree = "<group>"; };
		5D55D5DE19FA96B300E9EB4E /* main.m */ = {isa = PBXFileReference; lastKnownFileType = sourcecode.c.objc; path = main.m; sourceTree = "<group>"; };
		5D55D5E019FA96B300E9EB4E /* AppDelegate.h */ = {isa = PBXFileReference; lastKnownFileType = sourcecode.c.h; path = AppDelegate.h; sourceTree = "<group>"; };
		5D55D5E119FA96B300E9EB4E /* AppDelegate.m */ = {isa = PBXFileReference; lastKnownFileType = sourcecode.c.objc; path = AppDelegate.m; sourceTree = "<group>"; };
		5D55D5E719FA96B300E9EB4E /* OpenGLViewController.h */ = {isa = PBXFileReference; lastKnownFileType = sourcecode.c.h; path = OpenGLViewController.h; sourceTree = "<group>"; };
		5D55D5E819FA96B300E9EB4E /* OpenGLViewController.m */ = {isa = PBXFileReference; lastKnownFileType = sourcecode.c.objc; path = OpenGLViewController.m; sourceTree = "<group>"; };
		5D55D5EB19FA96B300E9EB4E /* Base */ = {isa = PBXFileReference; lastKnownFileType = file.storyboard; name = Base; path = Base.lproj/Main.storyboard; sourceTree = "<group>"; };
		5D55D5ED19FA96B300E9EB4E /* Images.xcassets */ = {isa = PBXFileReference; lastKnownFileType = folder.assetcatalog; path = Images.xcassets; sourceTree = "<group>"; };
		5D55D5F019FA96B300E9EB4E /* Base */ = {isa = PBXFileReference; lastKnownFileType = file.xib; name = Base; path = Base.lproj/LaunchScreen.xib; sourceTree = "<group>"; };
		5D55D6061A02DBBB00E9EB4E /* RootViewController.h */ = {isa = PBXFileReference; fileEncoding = 4; lastKnownFileType = sourcecode.c.h; path = RootViewController.h; sourceTree = "<group>"; };
		5D55D6071A02DBBB00E9EB4E /* RootViewController.m */ = {isa = PBXFileReference; fileEncoding = 4; lastKnownFileType = sourcecode.c.objc; path = RootViewController.m; sourceTree = "<group>"; };
/* End PBXFileReference section */

/* Begin PBXFrameworksBuildPhase section */
		5D55D5D619FA96B300E9EB4E /* Frameworks */ = {
			isa = PBXFrameworksBuildPhase;
			buildActionMask = 2147483647;
			files = (
			);
			runOnlyForDeploymentPostprocessing = 0;
		};
/* End PBXFrameworksBuildPhase section */

/* Begin PBXGroup section */
		5D55D5D019FA96B300E9EB4E = {
			isa = PBXGroup;
			children = (
				5D55D5DB19FA96B300E9EB4E /* PixelGridGL */,
				5D55D5DA19FA96B300E9EB4E /* Products */,
			);
			sourceTree = "<group>";
		};
		5D55D5DA19FA96B300E9EB4E /* Products */ = {
			isa = PBXGroup;
			children = (
				5D55D5D919FA96B300E9EB4E /* PixelGridGL.app */,
			);
			name = Products;
			sourceTree = "<group>";
		};
		5D55D5DB19FA96B300E9EB4E /* PixelGridGL */ = {
			isa = PBXGroup;
			children = (
				5D55D5E019FA96B300E9EB4E /* AppDelegate.h */,
				5D55D5E119FA96B300E9EB4E /* AppDelegate.m */,
				5D55D6061A02DBBB00E9EB4E /* RootViewController.h */,
				5D55D6071A02DBBB00E9EB4E /* RootViewController.m */,
				5D55D5E719FA96B300E9EB4E /* OpenGLViewController.h */,
				5D55D5E819FA96B300E9EB4E /* OpenGLViewController.m */,
				5D55D5EA19FA96B300E9EB4E /* Main.storyboard */,
				5D55D5ED19FA96B300E9EB4E /* Images.xcassets */,
				5D55D5EF19FA96B300E9EB4E /* LaunchScreen.xib */,
				5D55D5DC19FA96B300E9EB4E /* Supporting Files */,
			);
			path = PixelGridGL;
			sourceTree = "<group>";
		};
		5D55D5DC19FA96B300E9EB4E /* Supporting Files */ = {
			isa = PBXGroup;
			children = (
				5D55D5DD19FA96B300E9EB4E /* Info.plist */,
				5D55D5DE19FA96B300E9EB4E /* main.m */,
			);
			name = "Supporting Files";
			sourceTree = "<group>";
		};
/* End PBXGroup section */

/* Begin PBXNativeTarget section */
		5D55D5D819FA96B300E9EB4E /* PixelGridGL */ = {
			isa = PBXNativeTarget;
			buildConfigurationList = 5D55D60019FA96B400E9EB4E /* Build configuration list for PBXNativeTarget "PixelGridGL" */;
			buildPhases = (
				5D55D5D519FA96B300E9EB4E /* Sources */,
				5D55D5D619FA96B300E9EB4E /* Frameworks */,
				5D55D5D719FA96B300E9EB4E /* Resources */,
			);
			buildRules = (
			);
			dependencies = (
			);
			name = PixelGridGL;
			productName = PixelGridGL;
			productReference = 5D55D5D919FA96B300E9EB4E /* PixelGridGL.app */;
			productType = "com.apple.product-type.application";
		};
/* End PBXNativeTarget section */

/* Begin PBXProject section */
		5D55D5D119FA96B300E9EB4E /* Project object */ = {
			isa = PBXProject;
			attributes = {
				LastUpgradeCheck = 0610;
				ORGANIZATIONNAME = "Ole Begemann";
				TargetAttributes = {
					5D55D5D819FA96B300E9EB4E = {
						CreatedOnToolsVersion = 6.1;
					};
				};
			};
			buildConfigurationList = 5D55D5D419FA96B300E9EB4E /* Build configuration list for PBXProject "PixelGridGL" */;
			compatibilityVersion = "Xcode 3.2";
			developmentRegion = English;
			hasScannedForEncodings = 0;
			knownRegions = (
				en,
				Base,
			);
			mainGroup = 5D55D5D019FA96B300E9EB4E;
			productRefGroup = 5D55D5DA19FA96B300E9EB4E /* Products */;
			projectDirPath = "";
			projectRoot = "";
			targets = (
				5D55D5D819FA96B300E9EB4E /* PixelGridGL */,
			);
		};
/* End PBXProject section */

/* Begin PBXResourcesBuildPhase section */
		5D55D5D719FA96B300E9EB4E /* Resources */ = {
			isa = PBXResourcesBuildPhase;
			buildActionMask = 2147483647;
			files = (
				5D55D5F119FA96B300E9EB4E /* LaunchScreen.xib in Resources */,
				5D55D5EC19FA96B300E9EB4E /* Main.storyboard in Resources */,
				5D55D5EE19FA96B300E9EB4E /* Images.xcassets in Resources */,
			);
			runOnlyForDeploymentPostprocessing = 0;
		};
/* End PBXResourcesBuildPhase section */

/* Begin PBXSourcesBuildPhase section */
		5D55D5D519FA96B300E9EB4E /* Sources */ = {
			isa = PBXSourcesBuildPhase;
			buildActionMask = 2147483647;
			files = (
				5D55D5E219FA96B300E9EB4E /* AppDelegate.m in Sources */,
				5D55D5E919FA96B300E9EB4E /* OpenGLViewController.m in Sources */,
				5D55D6081A02DBBB00E9EB4E /* RootViewController.m in Sources */,
				5D55D5DF19FA96B300E9EB4E /* main.m in Sources */,
			);
			runOnlyForDeploymentPostprocessing = 0;
		};
/* End PBXSourcesBuildPhase section */

/* Begin PBXVariantGroup section */
		5D55D5EA19FA96B300E9EB4E /* Main.storyboard */ = {
			isa = PBXVariantGroup;
			children = (
				5D55D5EB19FA96B300E9EB4E /* Base */,
			);
			name = Main.storyboard;
			sourceTree = "<group>";
		};
		5D55D5EF19FA96B300E9EB4E /* LaunchScreen.xib */ = {
			isa = PBXVariantGroup;
			children = (
				5D55D5F019FA96B300E9EB4E /* Base */,
			);
			name = LaunchScreen.xib;
			sourceTree = "<group>";
		};
/* End PBXVariantGroup section */

/* Begin XCBuildConfiguration section */
		5D55D5FE19FA96B400E9EB4E /* Debug */ = {
			isa = XCBuildConfiguration;
			buildSettings = {
				ALWAYS_SEARCH_USER_PATHS = NO;
				CLANG_CXX_LANGUAGE_STANDARD = "gnu++0x";
				CLANG_CXX_LIBRARY = "libc++";
				CLANG_ENABLE_MODULES = YES;
				CLANG_ENABLE_OBJC_ARC = YES;
				CLANG_WARN_BOOL_CONVERSION = YES;
				CLANG_WARN_CONSTANT_CONVERSION = YES;
				CLANG_WARN_DIRECT_OBJC_ISA_USAGE = YES_ERROR;
				CLANG_WARN_EMPTY_BODY = YES;
				CLANG_WARN_ENUM_CONVERSION = YES;
				CLANG_WARN_INT_CONVERSION = YES;
				CLANG_WARN_OBJC_ROOT_CLASS = YES_ERROR;
				CLANG_WARN_UNREACHABLE_CODE = YES;
				CLANG_WARN__DUPLICATE_METHOD_MATCH = YES;
				"CODE_SIGN_IDENTITY[sdk=iphoneos*]" = "iPhone Developer";
				COPY_PHASE_STRIP = NO;
				ENABLE_STRICT_OBJC_MSGSEND = YES;
				GCC_C_LANGUAGE_STANDARD = gnu99;
				GCC_DYNAMIC_NO_PIC = NO;
				GCC_OPTIMIZATION_LEVEL = 0;
				GCC_PREPROCESSOR_DEFINITIONS = (
					"DEBUG=1",
					"$(inherited)",
				);
				GCC_SYMBOLS_PRIVATE_EXTERN = NO;
				GCC_WARN_64_TO_32_BIT_CONVERSION = YES;
				GCC_WARN_ABOUT_RETURN_TYPE = YES_ERROR;
				GCC_WARN_UNDECLARED_SELECTOR = YES;
				GCC_WARN_UNINITIALIZED_AUTOS = YES_AGGRESSIVE;
				GCC_WARN_UNUSED_FUNCTION = YES;
				GCC_WARN_UNUSED_VARIABLE = YES;
				IPHONEOS_DEPLOYMENT_TARGET = 8.1;
				MTL_ENABLE_DEBUG_INFO = YES;
				ONLY_ACTIVE_ARCH = YES;
				SDKROOT = iphoneos;
				TARGETED_DEVICE_FAMILY = "1,2";
			};
			name = Debug;
		};
		5D55D5FF19FA96B400E9EB4E /* Release */ = {
			isa = XCBuildConfiguration;
			buildSettings = {
				ALWAYS_SEARCH_USER_PATHS = NO;
				CLANG_CXX_LANGUAGE_STANDARD = "gnu++0x";
				CLANG_CXX_LIBRARY = "libc++";
				CLANG_ENABLE_MODULES = YES;
				CLANG_ENABLE_OBJC_ARC = YES;
				CLANG_WARN_BOOL_CONVERSION = YES;
				CLANG_WARN_CONSTANT_CONVERSION = YES;
				CLANG_WARN_DIRECT_OBJC_ISA_USAGE = YES_ERROR;
				CLANG_WARN_EMPTY_BODY = YES;
				CLANG_WARN_ENUM_CONVERSION = YES;
				CLANG_WARN_INT_CONVERSION = YES;
				CLANG_WARN_OBJC_ROOT_CLASS = YES_ERROR;
				CLANG_WARN_UNREACHABLE_CODE = YES;
				CLANG_WARN__DUPLICATE_METHOD_MATCH = YES;
				"CODE_SIGN_IDENTITY[sdk=iphoneos*]" = "iPhone Developer";
				COPY_PHASE_STRIP = YES;
				ENABLE_NS_ASSERTIONS = NO;
				ENABLE_STRICT_OBJC_MSGSEND = YES;
				GCC_C_LANGUAGE_STANDARD = gnu99;
				GCC_WARN_64_TO_32_BIT_CONVERSION = YES;
				GCC_WARN_ABOUT_RETURN_TYPE = YES_ERROR;
				GCC_WARN_UNDECLARED_SELECTOR = YES;
				GCC_WARN_UNINITIALIZED_AUTOS = YES_AGGRESSIVE;
				GCC_WARN_UNUSED_FUNCTION = YES;
				GCC_WARN_UNUSED_VARIABLE = YES;
				IPHONEOS_DEPLOYMENT_TARGET = 8.1;
				MTL_ENABLE_DEBUG_INFO = NO;
				SDKROOT = iphoneos;
				TARGETED_DEVICE_FAMILY = "1,2";
				VALIDATE_PRODUCT = YES;
			};
			name = Release;
		};
		5D55D60119FA96B400E9EB4E /* Debug */ = {
			isa = XCBuildConfiguration;
			buildSettings = {
				ASSETCATALOG_COMPILER_APPICON_NAME = AppIcon;
				INFOPLIST_FILE = PixelGridGL/Info.plist;
				LD_RUNPATH_SEARCH_PATHS = "$(inherited) @executable_path/Frameworks";
				PRODUCT_NAME = "$(TARGET_NAME)";
			};
			name = Debug;
		};
		5D55D60219FA96B400E9EB4E /* Release */ = {
			isa = XCBuildConfiguration;
			buildSettings = {
				ASSETCATALOG_COMPILER_APPICON_NAME = AppIcon;
				INFOPLIST_FILE = PixelGridGL/Info.plist;
				LD_RUNPATH_SEARCH_PATHS = "$(inherited) @executable_path/Frameworks";
				PRODUCT_NAME = "$(TARGET_NAME)";
			};
			name = Release;
		};
/* End XCBuildConfiguration section */

/* Begin XCConfigurationList section */
		5D55D5D419FA96B300E9EB4E /* Build configuration list for PBXProject "PixelGridGL" */ = {
			isa = XCConfigurationList;
			buildConfigurations = (
				5D55D5FE19FA96B400E9EB4E /* Debug */,
				5D55D5FF19FA96B400E9EB4E /* Release */,
			);
			defaultConfigurationIsVisible = 0;
			defaultConfigurationName = Release;
		};
		5D55D60019FA96B400E9EB4E /* Build configuration list for PBXNativeTarget "PixelGridGL" */ = {
			isa = XCConfigurationList;
			buildConfigurations = (
				5D55D60119FA96B400E9EB4E /* Debug */,
				5D55D60219FA96B400E9EB4E /* Release */,
			);
			defaultConfigurationIsVisible = 0;
			defaultConfigurationName = Release;
		};
/* End XCConfigurationList section */
	};
	rootObject = 5D55D5D119FA96B300E9EB4E /* Project object */;
}
